cloud.google.com/go/compute/metadata v0.3.0 h1:Tz+eQXMEqDIKRsmY3cHTL6FVaynIjX2QxYC4trgAKZc=
cloud.google.com/go/compute/metadata v0.3.0/go.mod h1:zFmK7XCadkQkj6TtorcaGlCW1hT1fIilQDwofLpJ20k=
github.com/aws/aws-sdk-go-v2 v1.42.0 h1:XvXMJTkFQtpBKIWZnmr9ZEOc2InWM2yldjXEJ/bymhA=
github.com/aws/aws-sdk-go-v2 v1.42.0/go.mod h1:27+ACypSLljLAEKsCYOmrjKh83vuTRkuAe9Uv/3A4bg=
github.com/aws/aws-sdk-go-v2/config v1.32.25 h1:ACCejvStYoilgwrfegSt5ZntCbPrk52qfwyNcnl3omM=
github.com/aws/aws-sdk-go-v2/config v1.32.25/go.mod h1:LJyU8sDRbXUxFn8xMJIGP+v9QYYwveNLI8a/giAOiAs=
github.com/aws/aws-sdk-go-v2/credentials v1.19.24 h1:2hQqYCV9yqyePQ9o6dCrZc/zO8U3TwPr9mIKlZnPu/I=
github.com/aws/aws-sdk-go-v2/credentials v1.19.24/go.mod h1:IDwpACtwqHLISdzfwUUNq4P9DsB/h5BLg4FwJPNfqFY=
github.com/aws/aws-sdk-go-v2/feature/ec2/imds v1.18.29 h1:r6qZHbT+wxgWO/e9vYNUEtg7lv5+UN3pRqKhLXvnArg=
github.com/aws/aws-sdk-go-v2/feature/ec2/imds v1.18.29/go.mod h1:QRnaRcTVGKPGRy8w78HMQtKUGRYcnMZAANATkeVA6Mo=
github.com/aws/aws-sdk-go-v2/internal/configsources v1.4.29 h1:f3vKqSo13fhTYb+JEcXwXefZQE26I1FB5eTSniU67ko=
github.com/aws/aws-sdk-go-v2/internal/configsources v1.4.29/go.mod h1:MzoLFUArKGpGD+ukmPiTPG1X5x4o6M2kq4v2dr1FiEc=
github.com/aws/aws-sdk-go-v2/internal/endpoints/v2 v2.7.29 h1:RdwIf/CuUsvJX3RgJagbOyotl/cxoLY4xviKuE7p2GY=
github.com/aws/aws-sdk-go-v2/internal/endpoints/v2 v2.7.29/go.mod h1:71wt8W2EgswdZy9Mf9KNnzxZ3TiZlv4caKghPktDOkA=
github.com/aws/aws-sdk-go-v2/internal/v4a v1.4.30 h1:VTGy885W5DKBxWRUJbym9hytNaYzsyaPkCHGRRMAOhU=
github.com/aws/aws-sdk-go-v2/internal/v4a v1.4.30/go.mod h1:AS0HycUvJRFvTt613AYDOgO2jzw+00cVSMny8XB3yMY=
github.com/aws/aws-sdk-go-v2/service/costexplorer v1.65.1 h1:zvBGy8CjCYBJ/hVV1jKyG0HWpaBQ278QWQMqJmF253E=
github.com/aws/aws-sdk-go-v2/service/costexplorer v1.65.1/go.mod h1:y3B04et7wgCGibEsJJ3BQwI2TzgqbVjre7cjWnGbpj8=
github.com/aws/aws-sdk-go-v2/service/ec2 v1.308.0 h1:xBP+yWpveXD/PxK7HRMcoG6yj1vdOjSahAg4qPomF+0=
github.com/aws/aws-sdk-go-v2/service/ec2 v1.308.0/go.mod h1:8mrDF7OtbuL0QpwP4YCvLuoOE4/5lL7D33MXgp069/Y=
github.com/aws/aws-sdk-go-v2/service/internal/accept-encoding v1.13.12 h1:ZD2+BSw9vFsNlKYIasSNt3uDbjqqXIBcM13UJv/Lx2k=
github.com/aws/aws-sdk-go-v2/service/internal/accept-encoding v1.13.12/go.mod h1:Ms4zlcVBbXbiP7EVLhl+lgjvA/a7YphqQ3Ih3174EmI=
github.com/aws/aws-sdk-go-v2/service/internal/presigned-url v1.13.29 h1:DRebniUGZ2MqiiIVmQJ04vIXr918hubdHMnarSLEWyU=
github.com/aws/aws-sdk-go-v2/service/internal/presigned-url v1.13.29/go.mod h1:LfRkPCD8YHDM2E5eTkos2UpwYeZnBcVarTa8L59bJHA=
github.com/aws/aws-sdk-go-v2/service/pricing v1.42.7 h1:1kgjCE5D1kxDD1ouqYda7590UEjJ6AQiEbzTVxtHk/k=
github.com/aws/aws-sdk-go-v2/service/pricing v1.42.7/go.mod h1:R/LmxYGRy1KePN3vIeIK5rsHcmSLPCTcI7Kjhardqog=
github.com/aws/aws-sdk-go-v2/service/savingsplans v1.33.7 h1:vnkZu0oF3q+mPHy6y01hVBbXWTrQPMQUcD001PF4FZ0=
github.com/aws/aws-sdk-go-v2/service/savingsplans v1.33.7/go.mod h1:qR9TdPlV5sIb783MC1Zyj5iUSHZUnlb9AJvzsRIhnsA=
github.com/aws/aws-sdk-go-v2/service/signin v1.2.0 h1:3nXpRcFwRCW8n7HgO2QGy0Dc20eQNfBuUemGQhpF8m8=
github.com/aws/aws-sdk-go-v2/service/signin v1.2.0/go.mod h1:LxYujSTLPRlp2vTtcUO/+1ilrew8ytt6SvQyOgejzFQ=
github.com/aws/aws-sdk-go-v2/service/sso v1.31.3 h1:ey1XLTYXb9PcLt4535632o5kCGXNXEhNb620Dqwuylo=
github.com/aws/aws-sdk-go-v2/service/sso v1.31.3/go.mod h1:Lk7PlmoTYryQmyBG0EXqj5BcUbj3whXdU2s3yGI3EAc=
github.com/aws/aws-sdk-go-v2/service/ssooidc v1.36.6 h1:yLr03zQE/5Eu5l3QU0Si+xMbLMbSDF2YXsigqXngs6g=
github.com/aws/aws-sdk-go-v2/service/ssooidc v1.36.6/go.mod h1:Q5N6icH+KJZDLh+ESNwzdv6cZ6vLFF/egy3IOxWhmz4=
github.com/aws/aws-sdk-go-v2/service/sts v1.43.3 h1:VrIhKRCSK1umelSgB9RghvA9RTUYeQffyAS5ApXehNI=
github.com/aws/aws-sdk-go-v2/service/sts v1.43.3/go.mod h1:r8wkDOuLaaMFqFiYAb8dGY2A3gJCOujMc6CFOVC4Zhc=
github.com/aws/smithy-go v1.27.1 h1:4T340VFndXtADGF52gYa1POyL7s9E4Z1OeZ1hCscIw8=
github.com/aws/smithy-go v1.27.1/go.mod h1:YE2RhdIuDbA5E5bTdciG9KrW3+TiEONeUWCqxX9i1Fc=
github.com/golang-jwt/jwt/v5 v5.3.1 h1:kYf81DTWFe7t+1VvL7eS+jKFVWaUnK9cB1qbwn63YCY=
github.com/golang-jwt/jwt/v5 v5.3.1/go.mod h1:fxCRLWMO43lRc8nhHWY6LGqRcf+1gQWArsqaEUEa5bE=
github.com/google/go-cmp v0.7.0 h1:wk8382ETsv4JYUZwIsn6YpYiWiBsYLSJiTsyBybVuN8=
github.com/google/go-cmp v0.7.0/go.mod h1:pXiqmnSA92OHEEa9HXL2W4E7lf9JzCmGVUdgjX3N/iU=
github.com/google/jsonschema-go v0.4.3 h1:/DBOLZTfDow7pe2GmaJNhltueGTtDKICi8V8p+DQPd0=
github.com/google/jsonschema-go v0.4.3/go.mod h1:r5quNTdLOYEz95Ru18zA0ydNbBuYoo9tgaYcxEYhJVE=
github.com/modelcontextprotocol/go-sdk v1.6.1 h1:0zOSupjKUxPKSocPT1Wtago+mUHU2/uZ4xSOY0FGReU=
github.com/modelcontextprotocol/go-sdk v1.6.1/go.mod h1:kzm3kzFL1/+AziGOE0nUs3gvPoNxMCvkxokMkuFapXQ=
github.com/segmentio/asm v1.1.3 h1:WM03sfUOENvvKexOLp+pCqgb/WDjsi7EK8gIsICtzhc=
github.com/segmentio/asm v1.1.3/go.mod h1:Ld3L4ZXGNcSLRg4JBsZ3//1+f/TjYl0Mzen/DQy1EJg=
github.com/segmentio/encoding v0.5.4 h1:OW1VRern8Nw6ITAtwSZ7Idrl3MXCFwXHPgqESYfvNt0=
github.com/segmentio/encoding v0.5.4/go.mod h1:HS1ZKa3kSN32ZHVZ7ZLPLXWvOVIiZtyJnO1gPH1sKt0=
github.com/yosida95/uritemplate/v3 v3.0.2 h1:Ed3Oyj9yrmi9087+NczuL5BwkIc4wvTb5zIM+UJPGz4=
github.com/yosida95/uritemplate/v3 v3.0.2/go.mod h1:ILOh0sOhIJR3+L/8afwt/kE++YT040gmv5BQTMR2HP4=
golang.org/x/oauth2 v0.36.0 h1:peZ/1z27fi9hUOFCAZaHyrpWG5lwe0RJEEEeH0ThlIs=
golang.org/x/oauth2 v0.36.0/go.mod h1:YDBUJMTkDnJS+A4BP4eZBjCqtokkg1hODuPjwiGPO7Q=
golang.org/x/sync v0.21.0 h1:HLII4xRRTtCRkxYp4HNFF0Js/Og6q2i++KXbg0gHCwM=
golang.org/x/sync v0.21.0/go.mod h1:9xrNwdLfx4jkKbNva9FpL6vEN7evnE43NNNJQ2LF3+0=
golang.org/x/sys v0.41.0 h1:Ivj+2Cp/ylzLiEU89QhWblYnOE9zerudt9Ftecq2C6k=
golang.org/x/sys v0.41.0/go.mod h1:OgkHotnGiDImocRcuBABYBEXf8A9a87e/uXjp9XT3ks=
golang.org/x/time v0.15.0 h1:bbrp8t3bGUeFOx08pvsMYRTCVSMk89u4tKbNOZbp88U=
golang.org/x/time v0.15.0/go.mod h1:Y4YMaQmXwGQZoFaVFk4YpCt4FLQMYKZe9oeV/f4MSno=
golang.org/x/tools v0.42.0 h1:uNgphsn75Tdz5Ji2q36v/nsFSfR/9BRFvqhGBaJGd5k=
golang.org/x/tools v0.42.0/go.mod h1:Ma6lCIwGZvHK6XtgbswSoWroEkhugApmsXyrUmBhfr0=
